
Microsoft Visual Studio Solution File, Format Version 12.00
# Visual Studio Version 17
VisualStudioVersion = 17.7.34024.191
MinimumVisualStudioVersion = 10.0.40219.1
Project("{FAE04EC0-301F-11D3-BF4B-00C04F79EFBC}") = "IskhakovaLanguage", "IskhakovaLanguage\IskhakovaLanguage.csproj", "{F86D6D35-0A3D-4D24-B6B0-357484F250A1}"
EndProject
Global
	GlobalSection(SolutionConfigurationPlatforms) = preSolution
		Debug|Any CPU = Debug|Any CPU
		Release|Any CPU = Release|Any CPU
	EndGlobalSection
	GlobalSection(ProjectConfigurationPlatforms) = postSolution
		{F86D6D35-0A3D-4D24-B6B0-357484F250A1}.Debug|Any CPU.ActiveCfg = Debug|Any CPU
		{F86D6D35-0A3D-4D24-B6B0-357484F250A1}.Debug|Any CPU.Build.0 = Debug|Any CPU
		{F86D6D35-0A3D-4D24-B6B0-357484F250A1}.Release|Any CPU.ActiveCfg = Release|Any CPU
		{F86D6D35-0A3D-4D24-B6B0-357484F250A1}.Release|Any CPU.Build.0 = Release|Any CPU
	EndGlobalSection
	GlobalSection(SolutionProperties) = preSolution
		HideSolutionNode = FALSE
	EndGlobalSection
	GlobalSection(ExtensibilityGlobals) = postSolution
		SolutionGuid = {B748B6D3-769C-45E3-B762-BE5A20308F87}
	EndGlobalSection
EndGlobal
